
Microsoft Visual Studio Solution File, Format Version 12.00
# Visual Studio Version 16
VisualStudioVersion = 16.0.31205.134
MinimumVisualStudioVersion = 10.0.40219.1
Project("{FAE04EC0-301F-11D3-BF4B-00C04F79EFBC}") = "DiningHallServer", "DiningHallServer\DiningHallServer.csproj", "{CEC5262D-F72A-4608-AFF0-8812BE92B378}"
EndProject
Global
	GlobalSection(SolutionConfigurationPlatforms) = preSolution
		Debug|Any CPU = Debug|Any CPU
		Release|Any CPU = Release|Any CPU
	EndGlobalSection
	GlobalSection(ProjectConfigurationPlatforms) = postSolution
		{CEC5262D-F72A-4608-AFF0-8812BE92B378}.Debug|Any CPU.ActiveCfg = Debug|Any CPU
		{CEC5262D-F72A-4608-AFF0-8812BE92B378}.Debug|Any CPU.Build.0 = Debug|Any CPU
		{CEC5262D-F72A-4608-AFF0-8812BE92B378}.Release|Any CPU.ActiveCfg = Release|Any CPU
		{CEC5262D-F72A-4608-AFF0-8812BE92B378}.Release|Any CPU.Build.0 = Release|Any CPU
	EndGlobalSection
	GlobalSection(SolutionProperties) = preSolution
		HideSolutionNode = FALSE
	EndGlobalSection
	GlobalSection(ExtensibilityGlobals) = postSolution
		SolutionGuid = {ACA872BA-A9CC-4FEF-B900-622D3F95DF64}
	EndGlobalSection
EndGlobal
